// !$*UTF8*$!
{
	archiveVersion = 1;
	classes = {
	};
	objectVersion = 55;
	objects = {

/* Begin PBXBuildFile section */
		7926BE3C28D2379900B300E2 /* AppDelegate.swift in Sources */ = {isa = PBXBuildFile; fileRef = 7926BE3B28D2379900B300E2 /* AppDelegate.swift */; };
		7926BE3E28D2379900B300E2 /* SceneDelegate.swift in Sources */ = {isa = PBXBuildFile; fileRef = 7926BE3D28D2379900B300E2 /* SceneDelegate.swift */; };
		7926BE4028D2379900B300E2 /* MainViewController.swift in Sources */ = {isa = PBXBuildFile; fileRef = 7926BE3F28D2379900B300E2 /* MainViewController.swift */; };
		7926BE4328D2379900B300E2 /* Main.storyboard in Resources */ = {isa = PBXBuildFile; fileRef = 7926BE4128D2379900B300E2 /* Main.storyboard */; };
		7926BE4528D2379A00B300E2 /* Assets.xcassets in Resources */ = {isa = PBXBuildFile; fileRef = 7926BE4428D2379A00B300E2 /* Assets.xcassets */; };
		7926BE4828D2379A00B300E2 /* LaunchScreen.storyboard in Resources */ = {isa = PBXBuildFile; fileRef = 7926BE4628D2379A00B300E2 /* LaunchScreen.storyboard */; };
		7926BE5328D238FA00B300E2 /* MemoData.swift in Sources */ = {isa = PBXBuildFile; fileRef = 7926BE5228D238FA00B300E2 /* MemoData.swift */; };
		7926BE5528D23DA500B300E2 /* UIView+Constraint.swift in Sources */ = {isa = PBXBuildFile; fileRef = 7926BE5428D23DA500B300E2 /* UIView+Constraint.swift */; };
		7926BE5728D23F7300B300E2 /* BaseViewController.swift in Sources */ = {isa = PBXBuildFile; fileRef = 7926BE5628D23F7300B300E2 /* BaseViewController.swift */; };
/* End PBXBuildFile section */

/* Begin PBXFileReference section */
		7926BE3828D2379900B300E2 /* SimpleMemoApp_Nick.app */ = {isa = PBXFileReference; explicitFileType = wrapper.application; includeInIndex = 0; path = SimpleMemoApp_Nick.app; sourceTree = BUILT_PRODUCTS_DIR; };
		7926BE3B28D2379900B300E2 /* AppDelegate.swift */ = {isa = PBXFileReference; lastKnownFileType = sourcecode.swift; path = AppDelegate.swift; sourceTree = "<group>"; };
		7926BE3D28D2379900B300E2 /* SceneDelegate.swift */ = {isa = PBXFileReference; lastKnownFileType = sourcecode.swift; path = SceneDelegate.swift; sourceTree = "<group>"; };
		7926BE3F28D2379900B300E2 /* MainViewController.swift */ = {isa = PBXFileReference; lastKnownFileType = sourcecode.swift; path = MainViewController.swift; sourceTree = "<group>"; };
		7926BE4228D2379900B300E2 /* Base */ = {isa = PBXFileReference; lastKnownFileType = file.storyboard; name = Base; path = Base.lproj/Main.storyboard; sourceTree = "<group>"; };
		7926BE4428D2379A00B300E2 /* Assets.xcassets */ = {isa = PBXFileReference; lastKnownFileType = folder.assetcatalog; path = Assets.xcassets; sourceTree = "<group>"; };
		7926BE4728D2379A00B300E2 /* Base */ = {isa = PBXFileReference; lastKnownFileType = file.storyboard; name = Base; path = Base.lproj/LaunchScreen.storyboard; sourceTree = "<group>"; };
		7926BE4928D2379A00B300E2 /* Info.plist */ = {isa = PBXFileReference; lastKnownFileType = text.plist.xml; path = Info.plist; sourceTree = "<group>"; };
		7926BE5228D238FA00B300E2 /* MemoData.swift */ = {isa = PBXFileReference; lastKnownFileType = sourcecode.swift; path = MemoData.swift; sourceTree = "<group>"; };
		7926BE5428D23DA500B300E2 /* UIView+Constraint.swift */ = {isa = PBXFileReference; lastKnownFileType = sourcecode.swift; path = "UIView+Constraint.swift"; sourceTree = "<group>"; };
		7926BE5628D23F7300B300E2 /* BaseViewController.swift */ = {isa = PBXFileReference; lastKnownFileType = sourcecode.swift; path = BaseViewController.swift; sourceTree = "<group>"; };
/* End PBXFileReference section */

/* Begin PBXFrameworksBuildPhase section */
		7926BE3528D2379900B300E2 /* Frameworks */ = {
			isa = PBXFrameworksBuildPhase;
			buildActionMask = 2147483647;
			files = (
			);
			runOnlyForDeploymentPostprocessing = 0;
		};
/* End PBXFrameworksBuildPhase section */

/* Begin PBXGroup section */
		7926BE2F28D2379900B300E2 = {
			isa = PBXGroup;
			children = (
				7926BE3A28D2379900B300E2 /* SimpleMemoApp_Nick */,
				7926BE3928D2379900B300E2 /* Products */,
			);
			sourceTree = "<group>";
		};
		7926BE3928D2379900B300E2 /* Products */ = {
			isa = PBXGroup;
			children = (
				7926BE3828D2379900B300E2 /* SimpleMemoApp_Nick.app */,
			);
			name = Products;
			sourceTree = "<group>";
		};
		7926BE3A28D2379900B300E2 /* SimpleMemoApp_Nick */ = {
			isa = PBXGroup;
			children = (
				7926BE3B28D2379900B300E2 /* AppDelegate.swift */,
				7926BE3D28D2379900B300E2 /* SceneDelegate.swift */,
				7926BE5428D23DA500B300E2 /* UIView+Constraint.swift */,
				7926BE5628D23F7300B300E2 /* BaseViewController.swift */,
				7926BE4F28D2389C00B300E2 /* Model */,
				7926BE5028D238A300B300E2 /* Controller */,
				7926BE5128D238AA00B300E2 /* View */,
				7926BE4628D2379A00B300E2 /* LaunchScreen.storyboard */,
				7926BE4928D2379A00B300E2 /* Info.plist */,
				7926BE4428D2379A00B300E2 /* Assets.xcassets */,
			);
			path = SimpleMemoApp_Nick;
			sourceTree = "<group>";
		};
		7926BE4F28D2389C00B300E2 /* Model */ = {
			isa = PBXGroup;
			children = (
				7926BE5228D238FA00B300E2 /* MemoData.swift */,
			);
			path = Model;
			sourceTree = "<group>";
		};
		7926BE5028D238A300B300E2 /* Controller */ = {
			isa = PBXGroup;
			children = (
				7926BE3F28D2379900B300E2 /* MainViewController.swift */,
			);
			path = Controller;
			sourceTree = "<group>";
		};
		7926BE5128D238AA00B300E2 /* View */ = {
			isa = PBXGroup;
			children = (
				7926BE4128D2379900B300E2 /* Main.storyboard */,
			);
			path = View;
			sourceTree = "<group>";
		};
/* End PBXGroup section */

/* Begin PBXNativeTarget section */
		7926BE3728D2379900B300E2 /* SimpleMemoApp_Nick */ = {
			isa = PBXNativeTarget;
			buildConfigurationList = 7926BE4C28D2379A00B300E2 /* Build configuration list for PBXNativeTarget "SimpleMemoApp_Nick" */;
			buildPhases = (
				7926BE3428D2379900B300E2 /* Sources */,
				7926BE3528D2379900B300E2 /* Frameworks */,
				7926BE3628D2379900B300E2 /* Resources */,
			);
			buildRules = (
			);
			dependencies = (
			);
			name = SimpleMemoApp_Nick;
			productName = SimpleMemoApp_Nick;
			productReference = 7926BE3828D2379900B300E2 /* SimpleMemoApp_Nick.app */;
			productType = "com.apple.product-type.application";
		};
/* End PBXNativeTarget section */

/* Begin PBXProject section */
		7926BE3028D2379900B300E2 /* Project object */ = {
			isa = PBXProject;
			attributes = {
				BuildIndependentTargetsInParallel = 1;
				LastSwiftUpdateCheck = 1340;
				LastUpgradeCheck = 1340;
				TargetAttributes = {
					7926BE3728D2379900B300E2 = {
						CreatedOnToolsVersion = 13.4.1;
					};
				};
			};
			buildConfigurationList = 7926BE3328D2379900B300E2 /* Build configuration list for PBXProject "SimpleMemoApp_Nick" */;
			compatibilityVersion = "Xcode 13.0";
			developmentRegion = en;
			hasScannedForEncodings = 0;
			knownRegions = (
				en,
				Base,
			);
			mainGroup = 7926BE2F28D2379900B300E2;
			productRefGroup = 7926BE3928D2379900B300E2 /* Products */;
			projectDirPath = "";
			projectRoot = "";
			targets = (
				7926BE3728D2379900B300E2 /* SimpleMemoApp_Nick */,
			);
		};
/* End PBXProject section */

/* Begin PBXResourcesBuildPhase section */
		7926BE3628D2379900B300E2 /* Resources */ = {
			isa = PBXResourcesBuildPhase;
			buildActionMask = 2147483647;
			files = (
				7926BE4828D2379A00B300E2 /* LaunchScreen.storyboard in Resources */,
				7926BE4528D2379A00B300E2 /* Assets.xcassets in Resources */,
				7926BE4328D2379900B300E2 /* Main.storyboard in Resources */,
			);
			runOnlyForDeploymentPostprocessing = 0;
		};
/* End PBXResourcesBuildPhase section */

/* Begin PBXSourcesBuildPhase section */
		7926BE3428D2379900B300E2 /* Sources */ = {
			isa = PBXSourcesBuildPhase;
			buildActionMask = 2147483647;
			files = (
				7926BE4028D2379900B300E2 /* MainViewController.swift in Sources */,
				7926BE5328D238FA00B300E2 /* MemoData.swift in Sources */,
				7926BE5528D23DA500B300E2 /* UIView+Constraint.swift in Sources */,
				7926BE3C28D2379900B300E2 /* AppDelegate.swift in Sources */,
				7926BE3E28D2379900B300E2 /* SceneDelegate.swift in Sources */,
				7926BE5728D23F7300B300E2 /* BaseViewController.swift in Sources */,
			);
			runOnlyForDeploymentPostprocessing = 0;
		};
/* End PBXSourcesBuildPhase section */

/* Begin PBXVariantGroup section */
		7926BE4128D2379900B300E2 /* Main.storyboard */ = {
			isa = PBXVariantGroup;
			children = (
				7926BE4228D2379900B300E2 /* Base */,
			);
			name = Main.storyboard;
			sourceTree = "<group>";
		};
		7926BE4628D2379A00B300E2 /* LaunchScreen.storyboard */ = {
			isa = PBXVariantGroup;
			children = (
				7926BE4728D2379A00B300E2 /* Base */,
			);
			name = LaunchScreen.storyboard;
			sourceTree = "<group>";
		};
/* End PBXVariantGroup section */

/* Begin XCBuildConfiguration section */
		7926BE4A28D2379A00B300E2 /* Debug */ = {
			isa = XCBuildConfiguration;
			buildSettings = {
				ALWAYS_SEARCH_USER_PATHS = NO;
				CLANG_ANALYZER_NONNULL = YES;
				CLANG_ANALYZER_NUMBER_OBJECT_CONVERSION = YES_AGGRESSIVE;
				CLANG_CXX_LANGUAGE_STANDARD = "gnu++17";
				CLANG_ENABLE_MODULES = YES;
				CLANG_ENABLE_OBJC_ARC = YES;
				CLANG_ENABLE_OBJC_WEAK = YES;
				CLANG_WARN_BLOCK_CAPTURE_AUTORELEASING = YES;
				CLANG_WARN_BOOL_CONVERSION = YES;
				CLANG_WARN_COMMA = YES;
				CLANG_WARN_CONSTANT_CONVERSION = YES;
				CLANG_WARN_DEPRECATED_OBJC_IMPLEMENTATIONS = YES;
				CLANG_WARN_DIRECT_OBJC_ISA_USAGE = YES_ERROR;
				CLANG_WARN_DOCUMENTATION_COMMENTS = YES;
				CLANG_WARN_EMPTY_BODY = YES;
				CLANG_WARN_ENUM_CONVERSION = YES;
				CLANG_WARN_INFINITE_RECURSION = YES;
				CLANG_WARN_INT_CONVERSION = YES;
				CLANG_WARN_NON_LITERAL_NULL_CONVERSION = YES;
				CLANG_WARN_OBJC_IMPLICIT_RETAIN_SELF = YES;
				CLANG_WARN_OBJC_LITERAL_CONVERSION = YES;
				CLANG_WARN_OBJC_ROOT_CLASS = YES_ERROR;
				CLANG_WARN_QUOTED_INCLUDE_IN_FRAMEWORK_HEADER = YES;
				CLANG_WARN_RANGE_LOOP_ANALYSIS = YES;
				CLANG_WARN_STRICT_PROTOTYPES = YES;
				CLANG_WARN_SUSPICIOUS_MOVE = YES;
				CLANG_WARN_UNGUARDED_AVAILABILITY = YES_AGGRESSIVE;
				CLANG_WARN_UNREACHABLE_CODE = YES;
				CLANG_WARN__DUPLICATE_METHOD_MATCH = YES;
				COPY_PHASE_STRIP = NO;
				DEBUG_INFORMATION_FORMAT = dwarf;
				ENABLE_STRICT_OBJC_MSGSEND = YES;
				ENABLE_TESTABILITY = YES;
				GCC_C_LANGUAGE_STANDARD = gnu11;
				GCC_DYNAMIC_NO_PIC = NO;
				GCC_NO_COMMON_BLOCKS = YES;
				GCC_OPTIMIZATION_LEVEL = 0;
				GCC_PREPROCESSOR_DEFINITIONS = (
					"DEBUG=1",
					"$(inherited)",
				);
				GCC_WARN_64_TO_32_BIT_CONVERSION = YES;
				GCC_WARN_ABOUT_RETURN_TYPE = YES_ERROR;
				GCC_WARN_UNDECLARED_SELECTOR = YES;
				GCC_WARN_UNINITIALIZED_AUTOS = YES_AGGRESSIVE;
				GCC_WARN_UNUSED_FUNCTION = YES;
				GCC_WARN_UNUSED_VARIABLE = YES;
				IPHONEOS_DEPLOYMENT_TARGET = 15.5;
				MTL_ENABLE_DEBUG_INFO = INCLUDE_SOURCE;
				MTL_FAST_MATH = YES;
				ONLY_ACTIVE_ARCH = YES;
				SDKROOT = iphoneos;
				SWIFT_ACTIVE_COMPILATION_CONDITIONS = DEBUG;
				SWIFT_OPTIMIZATION_LEVEL = "-Onone";
			};
			name = Debug;
		};
		7926BE4B28D2379A00B300E2 /* Release */ = {
			isa = XCBuildConfiguration;
			buildSettings = {
				ALWAYS_SEARCH_USER_PATHS = NO;
				CLANG_ANALYZER_NONNULL = YES;
				CLANG_ANALYZER_NUMBER_OBJECT_CONVERSION = YES_AGGRESSIVE;
				CLANG_CXX_LANGUAGE_STANDARD = "gnu++17";
				CLANG_ENABLE_MODULES = YES;
				CLANG_ENABLE_OBJC_ARC = YES;
				CLANG_ENABLE_OBJC_WEAK = YES;
				CLANG_WARN_BLOCK_CAPTURE_AUTORELEASING = YES;
				CLANG_WARN_BOOL_CONVERSION = YES;
				CLANG_WARN_COMMA = YES;
				CLANG_WARN_CONSTANT_CONVERSION = YES;
				CLANG_WARN_DEPRECATED_OBJC_IMPLEMENTATIONS = YES;
				CLANG_WARN_DIRECT_OBJC_ISA_USAGE = YES_ERROR;
				CLANG_WARN_DOCUMENTATION_COMMENTS = YES;
				CLANG_WARN_EMPTY_BODY = YES;
				CLANG_WARN_ENUM_CONVERSION = YES;
				CLANG_WARN_INFINITE_RECURSION = YES;
				CLANG_WARN_INT_CONVERSION = YES;
				CLANG_WARN_NON_LITERAL_NULL_CONVERSION = YES;
				CLANG_WARN_OBJC_IMPLICIT_RETAIN_SELF = YES;
				CLANG_WARN_OBJC_LITERAL_CONVERSION = YES;
				CLANG_WARN_OBJC_ROOT_CLASS = YES_ERROR;
				CLANG_WARN_QUOTED_INCLUDE_IN_FRAMEWORK_HEADER = YES;
				CLANG_WARN_RANGE_LOOP_ANALYSIS = YES;
				CLANG_WARN_STRICT_PROTOTYPES = YES;
				CLANG_WARN_SUSPICIOUS_MOVE = YES;
				CLANG_WARN_UNGUARDED_AVAILABILITY = YES_AGGRESSIVE;
				CLANG_WARN_UNREACHABLE_CODE = YES;
				CLANG_WARN__DUPLICATE_METHOD_MATCH = YES;
				COPY_PHASE_STRIP = NO;
				DEBUG_INFORMATION_FORMAT = "dwarf-with-dsym";
				ENABLE_NS_ASSERTIONS = NO;
				ENABLE_STRICT_OBJC_MSGSEND = YES;
				GCC_C_LANGUAGE_STANDARD = gnu11;
				GCC_NO_COMMON_BLOCKS = YES;
				GCC_WARN_64_TO_32_BIT_CONVERSION = YES;
				GCC_WARN_ABOUT_RETURN_TYPE = YES_ERROR;
				GCC_WARN_UNDECLARED_SELECTOR = YES;
				GCC_WARN_UNINITIALIZED_AUTOS = YES_AGGRESSIVE;
				GCC_WARN_UNUSED_FUNCTION = YES;
				GCC_WARN_UNUSED_VARIABLE = YES;
				IPHONEOS_DEPLOYMENT_TARGET = 15.5;
				MTL_ENABLE_DEBUG_INFO = NO;
				MTL_FAST_MATH = YES;
				SDKROOT = iphoneos;
				SWIFT_COMPILATION_MODE = wholemodule;
				SWIFT_OPTIMIZATION_LEVEL = "-O";
				VALIDATE_PRODUCT = YES;
			};
			name = Release;
		};
		7926BE4D28D2379A00B300E2 /* Debug */ = {
			isa = XCBuildConfiguration;
			buildSettings = {
				ASSETCATALOG_COMPILER_APPICON_NAME = AppIcon;
				ASSETCATALOG_COMPILER_GLOBAL_ACCENT_COLOR_NAME = AccentColor;
				CODE_SIGN_STYLE = Automatic;
				CURRENT_PROJECT_VERSION = 1;
				DEVELOPMENT_TEAM = U5D4UR6AFR;
				GENERATE_INFOPLIST_FILE = YES;
				INFOPLIST_FILE = SimpleMemoApp_Nick/Info.plist;
				INFOPLIST_KEY_UIApplicationSupportsIndirectInputEvents = YES;
				INFOPLIST_KEY_UILaunchStoryboardName = LaunchScreen;
				INFOPLIST_KEY_UIMainStoryboardFile = Main;
				INFOPLIST_KEY_UISupportedInterfaceOrientations_iPad = "UIInterfaceOrientationPortrait UIInterfaceOrientationPortraitUpsideDown UIInterfaceOrientationLandscapeLeft UIInterfaceOrientationLandscapeRight";
				INFOPLIST_KEY_UISupportedInterfaceOrientations_iPhone = "UIInterfaceOrientationPortrait UIInterfaceOrientationLandscapeLeft UIInterfaceOrientationLandscapeRight";
				LD_RUNPATH_SEARCH_PATHS = (
					"$(inherited)",
					"@executable_path/Frameworks",
				);
				MARKETING_VERSION = 1.0;
				PRODUCT_BUNDLE_IDENTIFIER = "developer.NICK.SimpleMemoApp-Nick";
				PRODUCT_NAME = "$(TARGET_NAME)";
				SWIFT_EMIT_LOC_STRINGS = YES;
				SWIFT_VERSION = 5.0;
				TARGETED_DEVICE_FAMILY = "1,2";
			};
			name = Debug;
		};
		7926BE4E28D2379A00B300E2 /* Release */ = {
			isa = XCBuildConfiguration;
			buildSettings = {
				ASSETCATALOG_COMPILER_APPICON_NAME = AppIcon;
				ASSETCATALOG_COMPILER_GLOBAL_ACCENT_COLOR_NAME = AccentColor;
				CODE_SIGN_STYLE = Automatic;
				CURRENT_PROJECT_VERSION = 1;
				DEVELOPMENT_TEAM = U5D4UR6AFR;
				GENERATE_INFOPLIST_FILE = YES;
				INFOPLIST_FILE = SimpleMemoApp_Nick/Info.plist;
				INFOPLIST_KEY_UIApplicationSupportsIndirectInputEvents = YES;
				INFOPLIST_KEY_UILaunchStoryboardName = LaunchScreen;
				INFOPLIST_KEY_UIMainStoryboardFile = Main;
				INFOPLIST_KEY_UISupportedInterfaceOrientations_iPad = "UIInterfaceOrientationPortrait UIInterfaceOrientationPortraitUpsideDown UIInterfaceOrientationLandscapeLeft UIInterfaceOrientationLandscapeRight";
				INFOPLIST_KEY_UISupportedInterfaceOrientations_iPhone = "UIInterfaceOrientationPortrait UIInterfaceOrientationLandscapeLeft UIInterfaceOrientationLandscapeRight";
				LD_RUNPATH_SEARCH_PATHS = (
					"$(inherited)",
					"@executable_path/Frameworks",
				);
				MARKETING_VERSION = 1.0;
				PRODUCT_BUNDLE_IDENTIFIER = "developer.NICK.SimpleMemoApp-Nick";
				PRODUCT_NAME = "$(TARGET_NAME)";
				SWIFT_EMIT_LOC_STRINGS = YES;
				SWIFT_VERSION = 5.0;
				TARGETED_DEVICE_FAMILY = "1,2";
			};
			name = Release;
		};
/* End XCBuildConfiguration section */

/* Begin XCConfigurationList section */
		7926BE3328D2379900B300E2 /* Build configuration list for PBXProject "SimpleMemoApp_Nick" */ = {
			isa = XCConfigurationList;
			buildConfigurations = (
				7926BE4A28D2379A00B300E2 /* Debug */,
				7926BE4B28D2379A00B300E2 /* Release */,
			);
			defaultConfigurationIsVisible = 0;
			defaultConfigurationName = Release;
		};
		7926BE4C28D2379A00B300E2 /* Build configuration list for PBXNativeTarget "SimpleMemoApp_Nick" */ = {
			isa = XCConfigurationList;
			buildConfigurations = (
				7926BE4D28D2379A00B300E2 /* Debug */,
				7926BE4E28D2379A00B300E2 /* Release */,
			);
			defaultConfigurationIsVisible = 0;
			defaultConfigurationName = Release;
		};
/* End XCConfigurationList section */
	};
	rootObject = 7926BE3028D2379900B300E2 /* Project object */;
}
